
Microsoft Visual Studio Solution File, Format Version 12.00
# Visual Studio Version 17
VisualStudioVersion = 17.11.35312.102
MinimumVisualStudioVersion = 10.0.40219.1
Project("{FAE04EC0-301F-11D3-BF4B-00C04F79EFBC}") = "IfiNavet.Web.Core", "IfiNavet.Web.Core\IfiNavet.Web.Core.csproj", "{DCC22319-2B41-4971-B0E3-00D408BCD77F}"
EndProject
Global
	GlobalSection(SolutionConfigurationPlatforms) = preSolution
		Debug|Any CPU = Debug|Any CPU
		Release|Any CPU = Release|Any CPU
		Development|Any CPU = Development|Any CPU
	EndGlobalSection
	GlobalSection(ProjectConfigurationPlatforms) = postSolution
		{DCC22319-2B41-4971-B0E3-00D408BCD77F}.Debug|Any CPU.ActiveCfg = Debug|Any CPU
		{DCC22319-2B41-4971-B0E3-00D408BCD77F}.Debug|Any CPU.Build.0 = Debug|Any CPU
		{DCC22319-2B41-4971-B0E3-00D408BCD77F}.Release|Any CPU.ActiveCfg = Release|Any CPU
		{DCC22319-2B41-4971-B0E3-00D408BCD77F}.Release|Any CPU.Build.0 = Release|Any CPU
		{DCC22319-2B41-4971-B0E3-00D408BCD77F}.Development|Any CPU.ActiveCfg = Development|Any CPU
		{DCC22319-2B41-4971-B0E3-00D408BCD77F}.Development|Any CPU.Build.0 = Development|Any CPU
	EndGlobalSection
	GlobalSection(SolutionProperties) = preSolution
		HideSolutionNode = FALSE
	EndGlobalSection
	GlobalSection(ExtensibilityGlobals) = postSolution
		SolutionGuid = {3301359F-943B-47D9-9D0D-F88F5F0DB52C}
	EndGlobalSection
EndGlobal
